# This file is automatically @generated by Cargo.
# It is not intended for manual editing.
version = 3

[[package]]
name = "my_test_of_internal_import"
version = "0.1.0"
dependencies = [
 "this_is_a_test",
]

[[package]]
name = "this_is_a_test"
version = "0.0.3"
source = "registry+https://github.com/rust-lang/crates.io-index"
checksum = "dcdd25e4df5e3e705dce7d92ee045ecbdaa9b706472d95409d59204a3cc6aa51"
